
Microsoft Visual Studio Solution File, Format Version 12.00
# Visual Studio Version 17
VisualStudioVersion = 17.0.31912.275
MinimumVisualStudioVersion = 10.0.40219.1
Project("{FAE04EC0-301F-11D3-BF4B-00C04F79EFBC}") = "Caesar-Cipher 2.2.3", "Caesar-Cipher 2.2.3.csproj", "{3DBD5CC8-99F4-4E98-97B8-BE37EEBCC8CE}"
EndProject
Global
	GlobalSection(SolutionConfigurationPlatforms) = preSolution
		Debug|Any CPU = Debug|Any CPU
		Release|Any CPU = Release|Any CPU
	EndGlobalSection
	GlobalSection(ProjectConfigurationPlatforms) = postSolution
		{3DBD5CC8-99F4-4E98-97B8-BE37EEBCC8CE}.Debug|Any CPU.ActiveCfg = Debug|Any CPU
		{3DBD5CC8-99F4-4E98-97B8-BE37EEBCC8CE}.Debug|Any CPU.Build.0 = Debug|Any CPU
		{3DBD5CC8-99F4-4E98-97B8-BE37EEBCC8CE}.Release|Any CPU.ActiveCfg = Release|Any CPU
		{3DBD5CC8-99F4-4E98-97B8-BE37EEBCC8CE}.Release|Any CPU.Build.0 = Release|Any CPU
	EndGlobalSection
	GlobalSection(SolutionProperties) = preSolution
		HideSolutionNode = FALSE
	EndGlobalSection
	GlobalSection(ExtensibilityGlobals) = postSolution
		SolutionGuid = {A31B5194-C88A-4BA8-AB4B-DB20D39AD48E}
	EndGlobalSection
EndGlobal
